
Microsoft Visual Studio Solution File, Format Version 12.00
# Visual Studio Version 17
VisualStudioVersion = 17.14.36105.17 d17.14
MinimumVisualStudioVersion = 10.0.40219.1
Project("{FAE04EC0-301F-11D3-BF4B-00C04F79EFBC}") = "Agenda", "Agenda\Agenda.csproj", "{0677EC2C-3AF7-432A-A18B-A93386ED22CA}"
EndProject
Global
	GlobalSection(SolutionConfigurationPlatforms) = preSolution
		Debug|Any CPU = Debug|Any CPU
		Release|Any CPU = Release|Any CPU
	EndGlobalSection
	GlobalSection(ProjectConfigurationPlatforms) = postSolution
		{0677EC2C-3AF7-432A-A18B-A93386ED22CA}.Debug|Any CPU.ActiveCfg = Debug|Any CPU
		{0677EC2C-3AF7-432A-A18B-A93386ED22CA}.Debug|Any CPU.Build.0 = Debug|Any CPU
		{0677EC2C-3AF7-432A-A18B-A93386ED22CA}.Release|Any CPU.ActiveCfg = Release|Any CPU
		{0677EC2C-3AF7-432A-A18B-A93386ED22CA}.Release|Any CPU.Build.0 = Release|Any CPU
	EndGlobalSection
	GlobalSection(SolutionProperties) = preSolution
		HideSolutionNode = FALSE
	EndGlobalSection
	GlobalSection(ExtensibilityGlobals) = postSolution
		SolutionGuid = {CE3904D8-B438-4213-BDE6-B7D55789CF6B}
	EndGlobalSection
EndGlobal
